
Microsoft Visual Studio Solution File, Format Version 12.00
# Visual Studio 15
VisualStudioVersion = 15.0.28307.271
MinimumVisualStudioVersion = 10.0.40219.1
Project("{FAE04EC0-301F-11D3-BF4B-00C04F79EFBC}") = "Task3", "Task3\Task3.csproj", "{BE38CDA1-9F09-4A30-A278-843929F99676}"
EndProject
Global
	GlobalSection(SolutionConfigurationPlatforms) = preSolution
		Debug|Any CPU = Debug|Any CPU
		Release|Any CPU = Release|Any CPU
	EndGlobalSection
	GlobalSection(ProjectConfigurationPlatforms) = postSolution
		{BE38CDA1-9F09-4A30-A278-843929F99676}.Debug|Any CPU.ActiveCfg = Debug|Any CPU
		{BE38CDA1-9F09-4A30-A278-843929F99676}.Debug|Any CPU.Build.0 = Debug|Any CPU
		{BE38CDA1-9F09-4A30-A278-843929F99676}.Release|Any CPU.ActiveCfg = Release|Any CPU
		{BE38CDA1-9F09-4A30-A278-843929F99676}.Release|Any CPU.Build.0 = Release|Any CPU
	EndGlobalSection
	GlobalSection(SolutionProperties) = preSolution
		HideSolutionNode = FALSE
	EndGlobalSection
	GlobalSection(ExtensibilityGlobals) = postSolution
		SolutionGuid = {A83FDAB5-3BDA-4881-A691-C942464630F3}
	EndGlobalSection
EndGlobal
