
Microsoft Visual Studio Solution File, Format Version 12.00
# Visual Studio 15
VisualStudioVersion = 15.0.28307.271
MinimumVisualStudioVersion = 10.0.40219.1
Project("{FAE04EC0-301F-11D3-BF4B-00C04F79EFBC}") = "Task1", "Task1\Task1.csproj", "{2229C447-9A21-46D9-A669-D35CC4F7364A}"
EndProject
Global
	GlobalSection(SolutionConfigurationPlatforms) = preSolution
		Debug|Any CPU = Debug|Any CPU
		Release|Any CPU = Release|Any CPU
	EndGlobalSection
	GlobalSection(ProjectConfigurationPlatforms) = postSolution
		{2229C447-9A21-46D9-A669-D35CC4F7364A}.Debug|Any CPU.ActiveCfg = Debug|Any CPU
		{2229C447-9A21-46D9-A669-D35CC4F7364A}.Debug|Any CPU.Build.0 = Debug|Any CPU
		{2229C447-9A21-46D9-A669-D35CC4F7364A}.Release|Any CPU.ActiveCfg = Release|Any CPU
		{2229C447-9A21-46D9-A669-D35CC4F7364A}.Release|Any CPU.Build.0 = Release|Any CPU
	EndGlobalSection
	GlobalSection(SolutionProperties) = preSolution
		HideSolutionNode = FALSE
	EndGlobalSection
	GlobalSection(ExtensibilityGlobals) = postSolution
		SolutionGuid = {100C739E-B90B-45E1-ABCC-7D2AD8360947}
	EndGlobalSection
EndGlobal
