
Microsoft Visual Studio Solution File, Format Version 12.00
# Visual Studio 15
VisualStudioVersion = 15.0.28307.271
MinimumVisualStudioVersion = 10.0.40219.1
Project("{FAE04EC0-301F-11D3-BF4B-00C04F79EFBC}") = "LAB3", "LAB3\LAB3.csproj", "{64E99214-F6D2-454A-9155-CC5FFC74E02E}"
EndProject
Global
	GlobalSection(SolutionConfigurationPlatforms) = preSolution
		Debug|Any CPU = Debug|Any CPU
		Release|Any CPU = Release|Any CPU
	EndGlobalSection
	GlobalSection(ProjectConfigurationPlatforms) = postSolution
		{64E99214-F6D2-454A-9155-CC5FFC74E02E}.Debug|Any CPU.ActiveCfg = Debug|Any CPU
		{64E99214-F6D2-454A-9155-CC5FFC74E02E}.Debug|Any CPU.Build.0 = Debug|Any CPU
		{64E99214-F6D2-454A-9155-CC5FFC74E02E}.Release|Any CPU.ActiveCfg = Release|Any CPU
		{64E99214-F6D2-454A-9155-CC5FFC74E02E}.Release|Any CPU.Build.0 = Release|Any CPU
	EndGlobalSection
	GlobalSection(SolutionProperties) = preSolution
		HideSolutionNode = FALSE
	EndGlobalSection
	GlobalSection(ExtensibilityGlobals) = postSolution
		SolutionGuid = {51E38E3B-6B92-43BD-8137-A01D927E2922}
	EndGlobalSection
EndGlobal
